
Microsoft Visual Studio Solution File, Format Version 12.00
# Visual Studio Version 17
VisualStudioVersion = 17.0.31903.59
MinimumVisualStudioVersion = 10.0.40219.1
Project("{2150E333-8FDC-42A3-9474-1A3956D46DE8}") = "tests", "tests", "{0AB3BF05-4346-4AA6-1389-037BE0695223}"
EndProject
Project("{FAE04EC0-301F-11D3-BF4B-00C04F79EFBC}") = "Graph.Model.Neo4j.Tests", "tests\Graph.Model.Neo4j.Tests\Graph.Model.Neo4j.Tests.csproj", "{3CBDE189-994B-49CF-AD88-13686CC6BC20}"
EndProject
Project("{FAE04EC0-301F-11D3-BF4B-00C04F79EFBC}") = "Graph.Model.Tests", "tests\Graph.Model.Tests\Graph.Model.Tests.csproj", "{DC4530BF-B0D9-44CC-88FB-85607A090D58}"
EndProject
Project("{FAE04EC0-301F-11D3-BF4B-00C04F79EFBC}") = "Graph.Model.Analyzers.Tests", "tests\Graph.Model.Analyzers.Tests\Graph.Model.Analyzers.Tests.csproj", "{E1234567-B0D9-44CC-88FB-85607A090D59}"
EndProject
Project("{FAE04EC0-301F-11D3-BF4B-00C04F79EFBC}") = "Example1.BasicCRUD", "examples\Example1.BasicCRUD\Example1.BasicCRUD.csproj", "{75EF6E67-2DBB-427A-B9EF-37EA470EEB3A}"
EndProject
Project("{FAE04EC0-301F-11D3-BF4B-00C04F79EFBC}") = "Example5.SocialNetwork", "examples\Example5.SocialNetwork\Example5.SocialNetwork.csproj", "{C9185EB2-53C4-4AD3-817E-85F899F1EB87}"
EndProject
Project("{FAE04EC0-301F-11D3-BF4B-00C04F79EFBC}") = "Example4.AdvancedScenarios", "examples\Example4.AdvancedScenarios\Example4.AdvancedScenarios.csproj", "{1FC6E9A5-4B36-4526-B6CA-B95ECBB0CEEA}"
EndProject
Project("{FAE04EC0-301F-11D3-BF4B-00C04F79EFBC}") = "Example3.TransactionManagement", "examples\Example3.TransactionManagement\Example3.TransactionManagement.csproj", "{4AE9BD25-CBBE-45E1-A1FF-8BBEB65EFFCE}"
EndProject
Project("{FAE04EC0-301F-11D3-BF4B-00C04F79EFBC}") = "Example2.LINQAndTraversal", "examples\Example2.LINQAndTraversal\Example2.LINQAndTraversal.csproj", "{FEEA5336-EC21-43D2-BAAB-0F4B7BCDB6E8}"
EndProject
Project("{FAE04EC0-301F-11D3-BF4B-00C04F79EFBC}") = "Graph.Model.Neo4j", "src\Graph.Model.Neo4j\Graph.Model.Neo4j.csproj", "{FB5A4637-854C-420D-86DC-7354A944C534}"
EndProject
Project("{FAE04EC0-301F-11D3-BF4B-00C04F79EFBC}") = "Graph.Model", "src\Graph.Model\Graph.Model.csproj", "{082C15F9-A6CC-4141-9832-AAA796C6F5B3}"
EndProject
Project("{FAE04EC0-301F-11D3-BF4B-00C04F79EFBC}") = "Graph.Model.Analyzers", "src\Graph.Model.Analyzers\Graph.Model.Analyzers.csproj", "{A1234567-B6CC-4141-9832-AAA796C6F5B4}"
EndProject
Project("{2150E333-8FDC-42A3-9474-1A3956D46DE8}") = "examples", "examples", "{B36A84DF-456D-A817-6EDD-3EC3E7F6E11F}"
EndProject
Project("{FAE04EC0-301F-11D3-BF4B-00C04F79EFBC}") = "Playground", "examples\Playground\Playground.csproj", "{6965D4CD-873E-4F58-9041-4FFBF18CED6D}"
EndProject
Project("{2150E333-8FDC-42A3-9474-1A3956D46DE8}") = "src", "src", "{827E0CD3-B72D-47B6-A68D-7590B98EB39B}"
EndProject
Project("{FAE04EC0-301F-11D3-BF4B-00C04F79EFBC}") = "Graph.Model.Neo4j.Serialization.CodeGen", "src\Graph.Model.Neo4j.Serialization.CodeGen\Graph.Model.Neo4j.Serialization.CodeGen.csproj", "{0D565253-D230-4E9B-83D1-0DBE428B1796}"
EndProject
Global
	GlobalSection(SolutionConfigurationPlatforms) = preSolution
		Debug|Any CPU = Debug|Any CPU
		Debug|x64 = Debug|x64
		Debug|x86 = Debug|x86
		Release|Any CPU = Release|Any CPU
		Release|x64 = Release|x64
		Release|x86 = Release|x86
	EndGlobalSection
	GlobalSection(ProjectConfigurationPlatforms) = postSolution
		{3CBDE189-994B-49CF-AD88-13686CC6BC20}.Debug|Any CPU.ActiveCfg = Debug|Any CPU
		{3CBDE189-994B-49CF-AD88-13686CC6BC20}.Debug|Any CPU.Build.0 = Debug|Any CPU
		{3CBDE189-994B-49CF-AD88-13686CC6BC20}.Debug|x64.ActiveCfg = Debug|Any CPU
		{3CBDE189-994B-49CF-AD88-13686CC6BC20}.Debug|x64.Build.0 = Debug|Any CPU
		{3CBDE189-994B-49CF-AD88-13686CC6BC20}.Debug|x86.ActiveCfg = Debug|Any CPU
		{3CBDE189-994B-49CF-AD88-13686CC6BC20}.Debug|x86.Build.0 = Debug|Any CPU
		{3CBDE189-994B-49CF-AD88-13686CC6BC20}.Release|Any CPU.ActiveCfg = Release|Any CPU
		{3CBDE189-994B-49CF-AD88-13686CC6BC20}.Release|Any CPU.Build.0 = Release|Any CPU
		{3CBDE189-994B-49CF-AD88-13686CC6BC20}.Release|x64.ActiveCfg = Release|Any CPU
		{3CBDE189-994B-49CF-AD88-13686CC6BC20}.Release|x64.Build.0 = Release|Any CPU
		{3CBDE189-994B-49CF-AD88-13686CC6BC20}.Release|x86.ActiveCfg = Release|Any CPU
		{3CBDE189-994B-49CF-AD88-13686CC6BC20}.Release|x86.Build.0 = Release|Any CPU
		{DC4530BF-B0D9-44CC-88FB-85607A090D58}.Debug|Any CPU.ActiveCfg = Debug|Any CPU
		{DC4530BF-B0D9-44CC-88FB-85607A090D58}.Debug|Any CPU.Build.0 = Debug|Any CPU
		{DC4530BF-B0D9-44CC-88FB-85607A090D58}.Debug|x64.ActiveCfg = Debug|Any CPU
		{DC4530BF-B0D9-44CC-88FB-85607A090D58}.Debug|x64.Build.0 = Debug|Any CPU
		{DC4530BF-B0D9-44CC-88FB-85607A090D58}.Debug|x86.ActiveCfg = Debug|Any CPU
		{DC4530BF-B0D9-44CC-88FB-85607A090D58}.Debug|x86.Build.0 = Debug|Any CPU
		{DC4530BF-B0D9-44CC-88FB-85607A090D58}.Release|Any CPU.ActiveCfg = Release|Any CPU
		{DC4530BF-B0D9-44CC-88FB-85607A090D58}.Release|Any CPU.Build.0 = Release|Any CPU
		{DC4530BF-B0D9-44CC-88FB-85607A090D58}.Release|x64.ActiveCfg = Release|Any CPU
		{DC4530BF-B0D9-44CC-88FB-85607A090D58}.Release|x64.Build.0 = Release|Any CPU
		{DC4530BF-B0D9-44CC-88FB-85607A090D58}.Release|x86.ActiveCfg = Release|Any CPU
		{DC4530BF-B0D9-44CC-88FB-85607A090D58}.Release|x86.Build.0 = Release|Any CPU
		{E1234567-B0D9-44CC-88FB-85607A090D59}.Debug|Any CPU.ActiveCfg = Debug|Any CPU
		{E1234567-B0D9-44CC-88FB-85607A090D59}.Debug|Any CPU.Build.0 = Debug|Any CPU
		{E1234567-B0D9-44CC-88FB-85607A090D59}.Debug|x64.ActiveCfg = Debug|Any CPU
		{E1234567-B0D9-44CC-88FB-85607A090D59}.Debug|x64.Build.0 = Debug|Any CPU
		{E1234567-B0D9-44CC-88FB-85607A090D59}.Debug|x86.ActiveCfg = Debug|Any CPU
		{E1234567-B0D9-44CC-88FB-85607A090D59}.Debug|x86.Build.0 = Debug|Any CPU
		{E1234567-B0D9-44CC-88FB-85607A090D59}.Release|Any CPU.ActiveCfg = Release|Any CPU
		{E1234567-B0D9-44CC-88FB-85607A090D59}.Release|Any CPU.Build.0 = Release|Any CPU
		{E1234567-B0D9-44CC-88FB-85607A090D59}.Release|x64.ActiveCfg = Release|Any CPU
		{E1234567-B0D9-44CC-88FB-85607A090D59}.Release|x64.Build.0 = Release|Any CPU
		{E1234567-B0D9-44CC-88FB-85607A090D59}.Release|x86.ActiveCfg = Release|Any CPU
		{E1234567-B0D9-44CC-88FB-85607A090D59}.Release|x86.Build.0 = Release|Any CPU
		{75EF6E67-2DBB-427A-B9EF-37EA470EEB3A}.Debug|Any CPU.ActiveCfg = Debug|Any CPU
		{75EF6E67-2DBB-427A-B9EF-37EA470EEB3A}.Debug|Any CPU.Build.0 = Debug|Any CPU
		{75EF6E67-2DBB-427A-B9EF-37EA470EEB3A}.Debug|x64.ActiveCfg = Debug|Any CPU
		{75EF6E67-2DBB-427A-B9EF-37EA470EEB3A}.Debug|x64.Build.0 = Debug|Any CPU
		{75EF6E67-2DBB-427A-B9EF-37EA470EEB3A}.Debug|x86.ActiveCfg = Debug|Any CPU
		{75EF6E67-2DBB-427A-B9EF-37EA470EEB3A}.Debug|x86.Build.0 = Debug|Any CPU
		{75EF6E67-2DBB-427A-B9EF-37EA470EEB3A}.Release|Any CPU.ActiveCfg = Release|Any CPU
		{75EF6E67-2DBB-427A-B9EF-37EA470EEB3A}.Release|Any CPU.Build.0 = Release|Any CPU
		{75EF6E67-2DBB-427A-B9EF-37EA470EEB3A}.Release|x64.ActiveCfg = Release|Any CPU
		{75EF6E67-2DBB-427A-B9EF-37EA470EEB3A}.Release|x64.Build.0 = Release|Any CPU
		{75EF6E67-2DBB-427A-B9EF-37EA470EEB3A}.Release|x86.ActiveCfg = Release|Any CPU
		{75EF6E67-2DBB-427A-B9EF-37EA470EEB3A}.Release|x86.Build.0 = Release|Any CPU
		{C9185EB2-53C4-4AD3-817E-85F899F1EB87}.Debug|Any CPU.ActiveCfg = Debug|Any CPU
		{C9185EB2-53C4-4AD3-817E-85F899F1EB87}.Debug|Any CPU.Build.0 = Debug|Any CPU
		{C9185EB2-53C4-4AD3-817E-85F899F1EB87}.Debug|x64.ActiveCfg = Debug|Any CPU
		{C9185EB2-53C4-4AD3-817E-85F899F1EB87}.Debug|x64.Build.0 = Debug|Any CPU
		{C9185EB2-53C4-4AD3-817E-85F899F1EB87}.Debug|x86.ActiveCfg = Debug|Any CPU
		{C9185EB2-53C4-4AD3-817E-85F899F1EB87}.Debug|x86.Build.0 = Debug|Any CPU
		{C9185EB2-53C4-4AD3-817E-85F899F1EB87}.Release|Any CPU.ActiveCfg = Release|Any CPU
		{C9185EB2-53C4-4AD3-817E-85F899F1EB87}.Release|Any CPU.Build.0 = Release|Any CPU
		{C9185EB2-53C4-4AD3-817E-85F899F1EB87}.Release|x64.ActiveCfg = Release|Any CPU
		{C9185EB2-53C4-4AD3-817E-85F899F1EB87}.Release|x64.Build.0 = Release|Any CPU
		{C9185EB2-53C4-4AD3-817E-85F899F1EB87}.Release|x86.ActiveCfg = Release|Any CPU
		{C9185EB2-53C4-4AD3-817E-85F899F1EB87}.Release|x86.Build.0 = Release|Any CPU
		{1FC6E9A5-4B36-4526-B6CA-B95ECBB0CEEA}.Debug|Any CPU.ActiveCfg = Debug|Any CPU
		{1FC6E9A5-4B36-4526-B6CA-B95ECBB0CEEA}.Debug|Any CPU.Build.0 = Debug|Any CPU
		{1FC6E9A5-4B36-4526-B6CA-B95ECBB0CEEA}.Debug|x64.ActiveCfg = Debug|Any CPU
		{1FC6E9A5-4B36-4526-B6CA-B95ECBB0CEEA}.Debug|x64.Build.0 = Debug|Any CPU
		{1FC6E9A5-4B36-4526-B6CA-B95ECBB0CEEA}.Debug|x86.ActiveCfg = Debug|Any CPU
		{1FC6E9A5-4B36-4526-B6CA-B95ECBB0CEEA}.Debug|x86.Build.0 = Debug|Any CPU
		{1FC6E9A5-4B36-4526-B6CA-B95ECBB0CEEA}.Release|Any CPU.ActiveCfg = Release|Any CPU
		{1FC6E9A5-4B36-4526-B6CA-B95ECBB0CEEA}.Release|Any CPU.Build.0 = Release|Any CPU
		{1FC6E9A5-4B36-4526-B6CA-B95ECBB0CEEA}.Release|x64.ActiveCfg = Release|Any CPU
		{1FC6E9A5-4B36-4526-B6CA-B95ECBB0CEEA}.Release|x64.Build.0 = Release|Any CPU
		{1FC6E9A5-4B36-4526-B6CA-B95ECBB0CEEA}.Release|x86.ActiveCfg = Release|Any CPU
		{1FC6E9A5-4B36-4526-B6CA-B95ECBB0CEEA}.Release|x86.Build.0 = Release|Any CPU
		{4AE9BD25-CBBE-45E1-A1FF-8BBEB65EFFCE}.Debug|Any CPU.ActiveCfg = Debug|Any CPU
		{4AE9BD25-CBBE-45E1-A1FF-8BBEB65EFFCE}.Debug|Any CPU.Build.0 = Debug|Any CPU
		{4AE9BD25-CBBE-45E1-A1FF-8BBEB65EFFCE}.Debug|x64.ActiveCfg = Debug|Any CPU
		{4AE9BD25-CBBE-45E1-A1FF-8BBEB65EFFCE}.Debug|x64.Build.0 = Debug|Any CPU
		{4AE9BD25-CBBE-45E1-A1FF-8BBEB65EFFCE}.Debug|x86.ActiveCfg = Debug|Any CPU
		{4AE9BD25-CBBE-45E1-A1FF-8BBEB65EFFCE}.Debug|x86.Build.0 = Debug|Any CPU
		{4AE9BD25-CBBE-45E1-A1FF-8BBEB65EFFCE}.Release|Any CPU.ActiveCfg = Release|Any CPU
		{4AE9BD25-CBBE-45E1-A1FF-8BBEB65EFFCE}.Release|Any CPU.Build.0 = Release|Any CPU
		{4AE9BD25-CBBE-45E1-A1FF-8BBEB65EFFCE}.Release|x64.ActiveCfg = Release|Any CPU
		{4AE9BD25-CBBE-45E1-A1FF-8BBEB65EFFCE}.Release|x64.Build.0 = Release|Any CPU
		{4AE9BD25-CBBE-45E1-A1FF-8BBEB65EFFCE}.Release|x86.ActiveCfg = Release|Any CPU
		{4AE9BD25-CBBE-45E1-A1FF-8BBEB65EFFCE}.Release|x86.Build.0 = Release|Any CPU
		{FEEA5336-EC21-43D2-BAAB-0F4B7BCDB6E8}.Debug|Any CPU.ActiveCfg = Debug|Any CPU
		{FEEA5336-EC21-43D2-BAAB-0F4B7BCDB6E8}.Debug|Any CPU.Build.0 = Debug|Any CPU
		{FEEA5336-EC21-43D2-BAAB-0F4B7BCDB6E8}.Debug|x64.ActiveCfg = Debug|Any CPU
		{FEEA5336-EC21-43D2-BAAB-0F4B7BCDB6E8}.Debug|x64.Build.0 = Debug|Any CPU
		{FEEA5336-EC21-43D2-BAAB-0F4B7BCDB6E8}.Debug|x86.ActiveCfg = Debug|Any CPU
		{FEEA5336-EC21-43D2-BAAB-0F4B7BCDB6E8}.Debug|x86.Build.0 = Debug|Any CPU
		{FEEA5336-EC21-43D2-BAAB-0F4B7BCDB6E8}.Release|Any CPU.ActiveCfg = Release|Any CPU
		{FEEA5336-EC21-43D2-BAAB-0F4B7BCDB6E8}.Release|Any CPU.Build.0 = Release|Any CPU
		{FEEA5336-EC21-43D2-BAAB-0F4B7BCDB6E8}.Release|x64.ActiveCfg = Release|Any CPU
		{FEEA5336-EC21-43D2-BAAB-0F4B7BCDB6E8}.Release|x64.Build.0 = Release|Any CPU
		{FEEA5336-EC21-43D2-BAAB-0F4B7BCDB6E8}.Release|x86.ActiveCfg = Release|Any CPU
		{FEEA5336-EC21-43D2-BAAB-0F4B7BCDB6E8}.Release|x86.Build.0 = Release|Any CPU
		{FB5A4637-854C-420D-86DC-7354A944C534}.Debug|Any CPU.ActiveCfg = Debug|Any CPU
		{FB5A4637-854C-420D-86DC-7354A944C534}.Debug|Any CPU.Build.0 = Debug|Any CPU
		{FB5A4637-854C-420D-86DC-7354A944C534}.Debug|x64.ActiveCfg = Debug|Any CPU
		{FB5A4637-854C-420D-86DC-7354A944C534}.Debug|x64.Build.0 = Debug|Any CPU
		{FB5A4637-854C-420D-86DC-7354A944C534}.Debug|x86.ActiveCfg = Debug|Any CPU
		{FB5A4637-854C-420D-86DC-7354A944C534}.Debug|x86.Build.0 = Debug|Any CPU
		{FB5A4637-854C-420D-86DC-7354A944C534}.Release|Any CPU.ActiveCfg = Release|Any CPU
		{FB5A4637-854C-420D-86DC-7354A944C534}.Release|Any CPU.Build.0 = Release|Any CPU
		{FB5A4637-854C-420D-86DC-7354A944C534}.Release|x64.ActiveCfg = Release|Any CPU
		{FB5A4637-854C-420D-86DC-7354A944C534}.Release|x64.Build.0 = Release|Any CPU
		{FB5A4637-854C-420D-86DC-7354A944C534}.Release|x86.ActiveCfg = Release|Any CPU
		{FB5A4637-854C-420D-86DC-7354A944C534}.Release|x86.Build.0 = Release|Any CPU
		{082C15F9-A6CC-4141-9832-AAA796C6F5B3}.Debug|Any CPU.ActiveCfg = Debug|Any CPU
		{082C15F9-A6CC-4141-9832-AAA796C6F5B3}.Debug|Any CPU.Build.0 = Debug|Any CPU
		{082C15F9-A6CC-4141-9832-AAA796C6F5B3}.Debug|x64.ActiveCfg = Debug|Any CPU
		{082C15F9-A6CC-4141-9832-AAA796C6F5B3}.Debug|x64.Build.0 = Debug|Any CPU
		{082C15F9-A6CC-4141-9832-AAA796C6F5B3}.Debug|x86.ActiveCfg = Debug|Any CPU
		{082C15F9-A6CC-4141-9832-AAA796C6F5B3}.Debug|x86.Build.0 = Debug|Any CPU
		{082C15F9-A6CC-4141-9832-AAA796C6F5B3}.Release|Any CPU.ActiveCfg = Release|Any CPU
		{082C15F9-A6CC-4141-9832-AAA796C6F5B3}.Release|Any CPU.Build.0 = Release|Any CPU
		{082C15F9-A6CC-4141-9832-AAA796C6F5B3}.Release|x64.ActiveCfg = Release|Any CPU
		{082C15F9-A6CC-4141-9832-AAA796C6F5B3}.Release|x64.Build.0 = Release|Any CPU
		{082C15F9-A6CC-4141-9832-AAA796C6F5B3}.Release|x86.ActiveCfg = Release|Any CPU
		{082C15F9-A6CC-4141-9832-AAA796C6F5B3}.Release|x86.Build.0 = Release|Any CPU
		{A1234567-B6CC-4141-9832-AAA796C6F5B4}.Debug|Any CPU.ActiveCfg = Debug|Any CPU
		{A1234567-B6CC-4141-9832-AAA796C6F5B4}.Debug|Any CPU.Build.0 = Debug|Any CPU
		{A1234567-B6CC-4141-9832-AAA796C6F5B4}.Debug|x64.ActiveCfg = Debug|Any CPU
		{A1234567-B6CC-4141-9832-AAA796C6F5B4}.Debug|x64.Build.0 = Debug|Any CPU
		{A1234567-B6CC-4141-9832-AAA796C6F5B4}.Debug|x86.ActiveCfg = Debug|Any CPU
		{A1234567-B6CC-4141-9832-AAA796C6F5B4}.Debug|x86.Build.0 = Debug|Any CPU
		{A1234567-B6CC-4141-9832-AAA796C6F5B4}.Release|Any CPU.ActiveCfg = Release|Any CPU
		{A1234567-B6CC-4141-9832-AAA796C6F5B4}.Release|Any CPU.Build.0 = Release|Any CPU
		{A1234567-B6CC-4141-9832-AAA796C6F5B4}.Release|x64.ActiveCfg = Release|Any CPU
		{A1234567-B6CC-4141-9832-AAA796C6F5B4}.Release|x64.Build.0 = Release|Any CPU
		{A1234567-B6CC-4141-9832-AAA796C6F5B4}.Release|x86.ActiveCfg = Release|Any CPU
		{A1234567-B6CC-4141-9832-AAA796C6F5B4}.Release|x86.Build.0 = Release|Any CPU
		{6965D4CD-873E-4F58-9041-4FFBF18CED6D}.Debug|Any CPU.ActiveCfg = Debug|Any CPU
		{6965D4CD-873E-4F58-9041-4FFBF18CED6D}.Debug|Any CPU.Build.0 = Debug|Any CPU
		{6965D4CD-873E-4F58-9041-4FFBF18CED6D}.Debug|x64.ActiveCfg = Debug|Any CPU
		{6965D4CD-873E-4F58-9041-4FFBF18CED6D}.Debug|x64.Build.0 = Debug|Any CPU
		{6965D4CD-873E-4F58-9041-4FFBF18CED6D}.Debug|x86.ActiveCfg = Debug|Any CPU
		{6965D4CD-873E-4F58-9041-4FFBF18CED6D}.Debug|x86.Build.0 = Debug|Any CPU
		{6965D4CD-873E-4F58-9041-4FFBF18CED6D}.Release|Any CPU.ActiveCfg = Release|Any CPU
		{6965D4CD-873E-4F58-9041-4FFBF18CED6D}.Release|Any CPU.Build.0 = Release|Any CPU
		{6965D4CD-873E-4F58-9041-4FFBF18CED6D}.Release|x64.ActiveCfg = Release|Any CPU
		{6965D4CD-873E-4F58-9041-4FFBF18CED6D}.Release|x64.Build.0 = Release|Any CPU
		{6965D4CD-873E-4F58-9041-4FFBF18CED6D}.Release|x86.ActiveCfg = Release|Any CPU
		{6965D4CD-873E-4F58-9041-4FFBF18CED6D}.Release|x86.Build.0 = Release|Any CPU
		{0D565253-D230-4E9B-83D1-0DBE428B1796}.Debug|Any CPU.ActiveCfg = Debug|Any CPU
		{0D565253-D230-4E9B-83D1-0DBE428B1796}.Debug|Any CPU.Build.0 = Debug|Any CPU
		{0D565253-D230-4E9B-83D1-0DBE428B1796}.Debug|x64.ActiveCfg = Debug|Any CPU
		{0D565253-D230-4E9B-83D1-0DBE428B1796}.Debug|x64.Build.0 = Debug|Any CPU
		{0D565253-D230-4E9B-83D1-0DBE428B1796}.Debug|x86.ActiveCfg = Debug|Any CPU
		{0D565253-D230-4E9B-83D1-0DBE428B1796}.Debug|x86.Build.0 = Debug|Any CPU
		{0D565253-D230-4E9B-83D1-0DBE428B1796}.Release|Any CPU.ActiveCfg = Release|Any CPU
		{0D565253-D230-4E9B-83D1-0DBE428B1796}.Release|Any CPU.Build.0 = Release|Any CPU
		{0D565253-D230-4E9B-83D1-0DBE428B1796}.Release|x64.ActiveCfg = Release|Any CPU
		{0D565253-D230-4E9B-83D1-0DBE428B1796}.Release|x64.Build.0 = Release|Any CPU
		{0D565253-D230-4E9B-83D1-0DBE428B1796}.Release|x86.ActiveCfg = Release|Any CPU
		{0D565253-D230-4E9B-83D1-0DBE428B1796}.Release|x86.Build.0 = Release|Any CPU
	EndGlobalSection
	GlobalSection(SolutionProperties) = preSolution
		HideSolutionNode = FALSE
	EndGlobalSection
	GlobalSection(NestedProjects) = preSolution
		{3CBDE189-994B-49CF-AD88-13686CC6BC20} = {0AB3BF05-4346-4AA6-1389-037BE0695223}
		{DC4530BF-B0D9-44CC-88FB-85607A090D58} = {0AB3BF05-4346-4AA6-1389-037BE0695223}
		{E1234567-B0D9-44CC-88FB-85607A090D59} = {0AB3BF05-4346-4AA6-1389-037BE0695223}
		{75EF6E67-2DBB-427A-B9EF-37EA470EEB3A} = {0AB3BF05-4346-4AA6-1389-037BE0695223}
		{C9185EB2-53C4-4AD3-817E-85F899F1EB87} = {0AB3BF05-4346-4AA6-1389-037BE0695223}
		{1FC6E9A5-4B36-4526-B6CA-B95ECBB0CEEA} = {0AB3BF05-4346-4AA6-1389-037BE0695223}
		{4AE9BD25-CBBE-45E1-A1FF-8BBEB65EFFCE} = {0AB3BF05-4346-4AA6-1389-037BE0695223}
		{FEEA5336-EC21-43D2-BAAB-0F4B7BCDB6E8} = {0AB3BF05-4346-4AA6-1389-037BE0695223}
		{FB5A4637-854C-420D-86DC-7354A944C534} = {0AB3BF05-4346-4AA6-1389-037BE0695223}
		{082C15F9-A6CC-4141-9832-AAA796C6F5B3} = {0AB3BF05-4346-4AA6-1389-037BE0695223}
		{A1234567-B6CC-4141-9832-AAA796C6F5B4} = {0AB3BF05-4346-4AA6-1389-037BE0695223}
		{6965D4CD-873E-4F58-9041-4FFBF18CED6D} = {B36A84DF-456D-A817-6EDD-3EC3E7F6E11F}
		{0D565253-D230-4E9B-83D1-0DBE428B1796} = {827E0CD3-B72D-47B6-A68D-7590B98EB39B}
	EndGlobalSection
EndGlobal
