
Microsoft Visual Studio Solution File, Format Version 12.00
# Visual Studio Version 17
VisualStudioVersion = 17.0.31903.59
MinimumVisualStudioVersion = 10.0.40219.1
Project("{2150E333-8FDC-42A3-9474-1A3956D46DE8}") = "src", "src", "{827E0CD3-B72D-47B6-A68D-7590B98EB39B}"
EndProject
Project("{FAE04EC0-301F-11D3-BF4B-00C04F79EFBC}") = "Graph.Model", "src\Graph.Model\Graph.Model.csproj", "{CA5FFEB9-2E30-4339-9A83-40404F9EC793}"
EndProject
Project("{FAE04EC0-301F-11D3-BF4B-00C04F79EFBC}") = "Graph.Model.Serialization", "src\Graph.Model.Serialization\Graph.Model.Serialization.csproj", "{32EC7762-49C6-4C03-900C-BC46C2680C28}"
EndProject
Project("{FAE04EC0-301F-11D3-BF4B-00C04F79EFBC}") = "Graph.Model.Serialization.CodeGen", "src\Graph.Model.Serialization.CodeGen\Graph.Model.Serialization.CodeGen.csproj", "{73EED97C-34DF-4215-8109-AD6DB3527A46}"
EndProject
Project("{FAE04EC0-301F-11D3-BF4B-00C04F79EFBC}") = "Graph.Model.Neo4j", "src\Graph.Model.Neo4j\Graph.Model.Neo4j.csproj", "{C8CE0198-500A-400D-9C29-CDD6013440F8}"
EndProject
Project("{FAE04EC0-301F-11D3-BF4B-00C04F79EFBC}") = "Graph.Model.Analyzers", "src\Graph.Model.Analyzers\Graph.Model.Analyzers.csproj", "{D810BB88-679C-42EB-986D-8A74CE973EA5}"
EndProject
Project("{2150E333-8FDC-42A3-9474-1A3956D46DE8}") = "tests", "tests", "{0AB3BF05-4346-4AA6-1389-037BE0695223}"
EndProject
Project("{FAE04EC0-301F-11D3-BF4B-00C04F79EFBC}") = "Graph.Model.Tests", "tests\Graph.Model.Tests\Graph.Model.Tests.csproj", "{66CAC3C2-665E-4CCB-93CA-02EEC7ABBB01}"
EndProject
Project("{FAE04EC0-301F-11D3-BF4B-00C04F79EFBC}") = "Graph.Model.Neo4j.Tests", "tests\Graph.Model.Neo4j.Tests\Graph.Model.Neo4j.Tests.csproj", "{22E8D983-D155-4F09-B8EE-C8A8BBCD5190}"
EndProject
Project("{FAE04EC0-301F-11D3-BF4B-00C04F79EFBC}") = "Graph.Model.Analyzers.Tests", "tests\Graph.Model.Analyzers.Tests\Graph.Model.Analyzers.Tests.csproj", "{320A100F-74AF-455D-AB47-7E89525B6652}"
EndProject
Project("{FAE04EC0-301F-11D3-BF4B-00C04F79EFBC}") = "Graph.Model.Performance.Tests", "tests\Graph.Model.Performance.Tests\Graph.Model.Performance.Tests.csproj", "{B91B97E4-4625-4CBD-BD46-AEB9B08A3C08}"
EndProject
Project("{2150E333-8FDC-42A3-9474-1A3956D46DE8}") = "examples", "examples", "{B36A84DF-456D-A817-6EDD-3EC3E7F6E11F}"
EndProject
Project("{FAE04EC0-301F-11D3-BF4B-00C04F79EFBC}") = "Example0.BasicSerialization", "examples\Example0.BasicSerialization\Example0.BasicSerialization.csproj", "{F1AFF9D4-7E21-4D69-9740-6BD1043495A2}"
EndProject
Project("{FAE04EC0-301F-11D3-BF4B-00C04F79EFBC}") = "Example1.BasicCRUD", "examples\Example1.BasicCRUD\Example1.BasicCRUD.csproj", "{0B81449B-FBDE-49D4-83FB-30B629481926}"
EndProject
Project("{FAE04EC0-301F-11D3-BF4B-00C04F79EFBC}") = "Example2.LINQAndTraversal", "examples\Example2.LINQAndTraversal\Example2.LINQAndTraversal.csproj", "{564B05B6-4D57-4926-AB5E-B0EFD562C498}"
EndProject
Project("{FAE04EC0-301F-11D3-BF4B-00C04F79EFBC}") = "Example3.TransactionManagement", "examples\Example3.TransactionManagement\Example3.TransactionManagement.csproj", "{C328033E-A9AC-40AA-939F-A03A2F7992FE}"
EndProject
Project("{FAE04EC0-301F-11D3-BF4B-00C04F79EFBC}") = "Example4.AdvancedScenarios", "examples\Example4.AdvancedScenarios\Example4.AdvancedScenarios.csproj", "{DB882E14-3EB6-4761-9AFD-DE3480D070B5}"
EndProject
Project("{FAE04EC0-301F-11D3-BF4B-00C04F79EFBC}") = "Example5.SocialNetwork", "examples\Example5.SocialNetwork\Example5.SocialNetwork.csproj", "{DA1C085A-F07F-48C8-8834-D336819122F4}"
EndProject
Project("{FAE04EC0-301F-11D3-BF4B-00C04F79EFBC}") = "Playground", "examples\Playground\Playground.csproj", "{C8DD390A-8CA3-4199-B31F-ECA12035D434}"
EndProject
Project("{FAE04EC0-301F-11D3-BF4B-00C04F79EFBC}") = "TestAnalyzer", "examples\TestAnalyzer\TestAnalyzer.csproj", "{85A92302-AA9C-4B5D-9CA1-BAB7FBC62F0A}"
EndProject
Global
	GlobalSection(SolutionConfigurationPlatforms) = preSolution
		Benchmark|Any CPU = Benchmark|Any CPU
		Benchmark|x64 = Benchmark|x64
		Benchmark|x86 = Benchmark|x86
		Debug|Any CPU = Debug|Any CPU
		Debug|x64 = Debug|x64
		Debug|x86 = Debug|x86
		LocalFeed|Any CPU = LocalFeed|Any CPU
		LocalFeed|x64 = LocalFeed|x64
		LocalFeed|x86 = LocalFeed|x86
		Release|Any CPU = Release|Any CPU
		Release|x64 = Release|x64
		Release|x86 = Release|x86
	EndGlobalSection
	GlobalSection(ProjectConfigurationPlatforms) = postSolution
		{CA5FFEB9-2E30-4339-9A83-40404F9EC793}.Debug|Any CPU.ActiveCfg = Debug|Any CPU
		{CA5FFEB9-2E30-4339-9A83-40404F9EC793}.Debug|Any CPU.Build.0 = Debug|Any CPU
		{CA5FFEB9-2E30-4339-9A83-40404F9EC793}.Debug|x64.ActiveCfg = Debug|Any CPU
		{CA5FFEB9-2E30-4339-9A83-40404F9EC793}.Debug|x64.Build.0 = Debug|Any CPU
		{CA5FFEB9-2E30-4339-9A83-40404F9EC793}.Debug|x86.ActiveCfg = Debug|Any CPU
		{CA5FFEB9-2E30-4339-9A83-40404F9EC793}.Debug|x86.Build.0 = Debug|Any CPU
		{CA5FFEB9-2E30-4339-9A83-40404F9EC793}.Release|Any CPU.ActiveCfg = Release|Any CPU
		{CA5FFEB9-2E30-4339-9A83-40404F9EC793}.Release|Any CPU.Build.0 = Release|Any CPU
		{CA5FFEB9-2E30-4339-9A83-40404F9EC793}.Release|x64.ActiveCfg = Release|Any CPU
		{CA5FFEB9-2E30-4339-9A83-40404F9EC793}.Release|x64.Build.0 = Release|Any CPU
		{CA5FFEB9-2E30-4339-9A83-40404F9EC793}.Release|x86.ActiveCfg = Release|Any CPU
		{CA5FFEB9-2E30-4339-9A83-40404F9EC793}.Release|x86.Build.0 = Release|Any CPU
		{32EC7762-49C6-4C03-900C-BC46C2680C28}.Debug|Any CPU.ActiveCfg = Debug|Any CPU
		{32EC7762-49C6-4C03-900C-BC46C2680C28}.Debug|Any CPU.Build.0 = Debug|Any CPU
		{32EC7762-49C6-4C03-900C-BC46C2680C28}.Debug|x64.ActiveCfg = Debug|Any CPU
		{32EC7762-49C6-4C03-900C-BC46C2680C28}.Debug|x64.Build.0 = Debug|Any CPU
		{32EC7762-49C6-4C03-900C-BC46C2680C28}.Debug|x86.ActiveCfg = Debug|Any CPU
		{32EC7762-49C6-4C03-900C-BC46C2680C28}.Debug|x86.Build.0 = Debug|Any CPU
		{32EC7762-49C6-4C03-900C-BC46C2680C28}.Release|Any CPU.ActiveCfg = Release|Any CPU
		{32EC7762-49C6-4C03-900C-BC46C2680C28}.Release|Any CPU.Build.0 = Release|Any CPU
		{32EC7762-49C6-4C03-900C-BC46C2680C28}.Release|x64.ActiveCfg = Release|Any CPU
		{32EC7762-49C6-4C03-900C-BC46C2680C28}.Release|x64.Build.0 = Release|Any CPU
		{32EC7762-49C6-4C03-900C-BC46C2680C28}.Release|x86.ActiveCfg = Release|Any CPU
		{32EC7762-49C6-4C03-900C-BC46C2680C28}.Release|x86.Build.0 = Release|Any CPU
		{73EED97C-34DF-4215-8109-AD6DB3527A46}.Debug|Any CPU.ActiveCfg = Debug|Any CPU
		{73EED97C-34DF-4215-8109-AD6DB3527A46}.Debug|Any CPU.Build.0 = Debug|Any CPU
		{73EED97C-34DF-4215-8109-AD6DB3527A46}.Debug|x64.ActiveCfg = Debug|Any CPU
		{73EED97C-34DF-4215-8109-AD6DB3527A46}.Debug|x64.Build.0 = Debug|Any CPU
		{73EED97C-34DF-4215-8109-AD6DB3527A46}.Debug|x86.ActiveCfg = Debug|Any CPU
		{73EED97C-34DF-4215-8109-AD6DB3527A46}.Debug|x86.Build.0 = Debug|Any CPU
		{73EED97C-34DF-4215-8109-AD6DB3527A46}.Release|Any CPU.ActiveCfg = Release|Any CPU
		{73EED97C-34DF-4215-8109-AD6DB3527A46}.Release|Any CPU.Build.0 = Release|Any CPU
		{73EED97C-34DF-4215-8109-AD6DB3527A46}.Release|x64.ActiveCfg = Release|Any CPU
		{73EED97C-34DF-4215-8109-AD6DB3527A46}.Release|x64.Build.0 = Release|Any CPU
		{73EED97C-34DF-4215-8109-AD6DB3527A46}.Release|x86.ActiveCfg = Release|Any CPU
		{73EED97C-34DF-4215-8109-AD6DB3527A46}.Release|x86.Build.0 = Release|Any CPU
		{C8CE0198-500A-400D-9C29-CDD6013440F8}.Debug|Any CPU.ActiveCfg = Debug|Any CPU
		{C8CE0198-500A-400D-9C29-CDD6013440F8}.Debug|Any CPU.Build.0 = Debug|Any CPU
		{C8CE0198-500A-400D-9C29-CDD6013440F8}.Debug|x64.ActiveCfg = Debug|Any CPU
		{C8CE0198-500A-400D-9C29-CDD6013440F8}.Debug|x64.Build.0 = Debug|Any CPU
		{C8CE0198-500A-400D-9C29-CDD6013440F8}.Debug|x86.ActiveCfg = Debug|Any CPU
		{C8CE0198-500A-400D-9C29-CDD6013440F8}.Debug|x86.Build.0 = Debug|Any CPU
		{C8CE0198-500A-400D-9C29-CDD6013440F8}.Release|Any CPU.ActiveCfg = Release|Any CPU
		{C8CE0198-500A-400D-9C29-CDD6013440F8}.Release|Any CPU.Build.0 = Release|Any CPU
		{C8CE0198-500A-400D-9C29-CDD6013440F8}.Release|x64.ActiveCfg = Release|Any CPU
		{C8CE0198-500A-400D-9C29-CDD6013440F8}.Release|x64.Build.0 = Release|Any CPU
		{C8CE0198-500A-400D-9C29-CDD6013440F8}.Release|x86.ActiveCfg = Release|Any CPU
		{C8CE0198-500A-400D-9C29-CDD6013440F8}.Release|x86.Build.0 = Release|Any CPU
		{D810BB88-679C-42EB-986D-8A74CE973EA5}.Debug|Any CPU.ActiveCfg = Debug|Any CPU
		{D810BB88-679C-42EB-986D-8A74CE973EA5}.Debug|Any CPU.Build.0 = Debug|Any CPU
		{D810BB88-679C-42EB-986D-8A74CE973EA5}.Debug|x64.ActiveCfg = Debug|Any CPU
		{D810BB88-679C-42EB-986D-8A74CE973EA5}.Debug|x64.Build.0 = Debug|Any CPU
		{D810BB88-679C-42EB-986D-8A74CE973EA5}.Debug|x86.ActiveCfg = Debug|Any CPU
		{D810BB88-679C-42EB-986D-8A74CE973EA5}.Debug|x86.Build.0 = Debug|Any CPU
		{D810BB88-679C-42EB-986D-8A74CE973EA5}.Release|Any CPU.ActiveCfg = Release|Any CPU
		{D810BB88-679C-42EB-986D-8A74CE973EA5}.Release|Any CPU.Build.0 = Release|Any CPU
		{D810BB88-679C-42EB-986D-8A74CE973EA5}.Release|x64.ActiveCfg = Release|Any CPU
		{D810BB88-679C-42EB-986D-8A74CE973EA5}.Release|x64.Build.0 = Release|Any CPU
		{D810BB88-679C-42EB-986D-8A74CE973EA5}.Release|x86.ActiveCfg = Release|Any CPU
		{D810BB88-679C-42EB-986D-8A74CE973EA5}.Release|x86.Build.0 = Release|Any CPU
		{66CAC3C2-665E-4CCB-93CA-02EEC7ABBB01}.Debug|Any CPU.ActiveCfg = Debug|Any CPU
		{66CAC3C2-665E-4CCB-93CA-02EEC7ABBB01}.Debug|Any CPU.Build.0 = Debug|Any CPU
		{66CAC3C2-665E-4CCB-93CA-02EEC7ABBB01}.Debug|x64.ActiveCfg = Debug|Any CPU
		{66CAC3C2-665E-4CCB-93CA-02EEC7ABBB01}.Debug|x64.Build.0 = Debug|Any CPU
		{66CAC3C2-665E-4CCB-93CA-02EEC7ABBB01}.Debug|x86.ActiveCfg = Debug|Any CPU
		{66CAC3C2-665E-4CCB-93CA-02EEC7ABBB01}.Debug|x86.Build.0 = Debug|Any CPU
		{66CAC3C2-665E-4CCB-93CA-02EEC7ABBB01}.Release|Any CPU.ActiveCfg = Release|Any CPU
		{66CAC3C2-665E-4CCB-93CA-02EEC7ABBB01}.Release|Any CPU.Build.0 = Release|Any CPU
		{66CAC3C2-665E-4CCB-93CA-02EEC7ABBB01}.Release|x64.ActiveCfg = Release|Any CPU
		{66CAC3C2-665E-4CCB-93CA-02EEC7ABBB01}.Release|x64.Build.0 = Release|Any CPU
		{66CAC3C2-665E-4CCB-93CA-02EEC7ABBB01}.Release|x86.ActiveCfg = Release|Any CPU
		{66CAC3C2-665E-4CCB-93CA-02EEC7ABBB01}.Release|x86.Build.0 = Release|Any CPU
		{22E8D983-D155-4F09-B8EE-C8A8BBCD5190}.Debug|Any CPU.ActiveCfg = Debug|Any CPU
		{22E8D983-D155-4F09-B8EE-C8A8BBCD5190}.Debug|Any CPU.Build.0 = Debug|Any CPU
		{22E8D983-D155-4F09-B8EE-C8A8BBCD5190}.Debug|x64.ActiveCfg = Debug|Any CPU
		{22E8D983-D155-4F09-B8EE-C8A8BBCD5190}.Debug|x64.Build.0 = Debug|Any CPU
		{22E8D983-D155-4F09-B8EE-C8A8BBCD5190}.Debug|x86.ActiveCfg = Debug|Any CPU
		{22E8D983-D155-4F09-B8EE-C8A8BBCD5190}.Debug|x86.Build.0 = Debug|Any CPU
		{22E8D983-D155-4F09-B8EE-C8A8BBCD5190}.Release|Any CPU.ActiveCfg = Release|Any CPU
		{22E8D983-D155-4F09-B8EE-C8A8BBCD5190}.Release|Any CPU.Build.0 = Release|Any CPU
		{22E8D983-D155-4F09-B8EE-C8A8BBCD5190}.Release|x64.ActiveCfg = Release|Any CPU
		{22E8D983-D155-4F09-B8EE-C8A8BBCD5190}.Release|x64.Build.0 = Release|Any CPU
		{22E8D983-D155-4F09-B8EE-C8A8BBCD5190}.Release|x86.ActiveCfg = Release|Any CPU
		{22E8D983-D155-4F09-B8EE-C8A8BBCD5190}.Release|x86.Build.0 = Release|Any CPU
		{320A100F-74AF-455D-AB47-7E89525B6652}.Debug|Any CPU.ActiveCfg = Debug|Any CPU
		{320A100F-74AF-455D-AB47-7E89525B6652}.Debug|Any CPU.Build.0 = Debug|Any CPU
		{320A100F-74AF-455D-AB47-7E89525B6652}.Debug|x64.ActiveCfg = Debug|Any CPU
		{320A100F-74AF-455D-AB47-7E89525B6652}.Debug|x64.Build.0 = Debug|Any CPU
		{320A100F-74AF-455D-AB47-7E89525B6652}.Debug|x86.ActiveCfg = Debug|Any CPU
		{320A100F-74AF-455D-AB47-7E89525B6652}.Debug|x86.Build.0 = Debug|Any CPU
		{320A100F-74AF-455D-AB47-7E89525B6652}.Release|Any CPU.ActiveCfg = Release|Any CPU
		{320A100F-74AF-455D-AB47-7E89525B6652}.Release|Any CPU.Build.0 = Release|Any CPU
		{320A100F-74AF-455D-AB47-7E89525B6652}.Release|x64.ActiveCfg = Release|Any CPU
		{320A100F-74AF-455D-AB47-7E89525B6652}.Release|x64.Build.0 = Release|Any CPU
		{320A100F-74AF-455D-AB47-7E89525B6652}.Release|x86.ActiveCfg = Release|Any CPU
		{320A100F-74AF-455D-AB47-7E89525B6652}.Release|x86.Build.0 = Release|Any CPU
		{B91B97E4-4625-4CBD-BD46-AEB9B08A3C08}.Debug|Any CPU.ActiveCfg = Debug|Any CPU
		{B91B97E4-4625-4CBD-BD46-AEB9B08A3C08}.Debug|Any CPU.Build.0 = Debug|Any CPU
		{B91B97E4-4625-4CBD-BD46-AEB9B08A3C08}.Debug|x64.ActiveCfg = Debug|Any CPU
		{B91B97E4-4625-4CBD-BD46-AEB9B08A3C08}.Debug|x64.Build.0 = Debug|Any CPU
		{B91B97E4-4625-4CBD-BD46-AEB9B08A3C08}.Debug|x86.ActiveCfg = Debug|Any CPU
		{B91B97E4-4625-4CBD-BD46-AEB9B08A3C08}.Debug|x86.Build.0 = Debug|Any CPU
		{B91B97E4-4625-4CBD-BD46-AEB9B08A3C08}.Release|Any CPU.ActiveCfg = Release|Any CPU
		{B91B97E4-4625-4CBD-BD46-AEB9B08A3C08}.Release|Any CPU.Build.0 = Release|Any CPU
		{B91B97E4-4625-4CBD-BD46-AEB9B08A3C08}.Release|x64.ActiveCfg = Release|Any CPU
		{B91B97E4-4625-4CBD-BD46-AEB9B08A3C08}.Release|x64.Build.0 = Release|Any CPU
		{B91B97E4-4625-4CBD-BD46-AEB9B08A3C08}.Release|x86.ActiveCfg = Release|Any CPU
		{B91B97E4-4625-4CBD-BD46-AEB9B08A3C08}.Release|x86.Build.0 = Release|Any CPU
		{F1AFF9D4-7E21-4D69-9740-6BD1043495A2}.Debug|Any CPU.ActiveCfg = Debug|Any CPU
		{F1AFF9D4-7E21-4D69-9740-6BD1043495A2}.Debug|Any CPU.Build.0 = Debug|Any CPU
		{F1AFF9D4-7E21-4D69-9740-6BD1043495A2}.Debug|x64.ActiveCfg = Debug|Any CPU
		{F1AFF9D4-7E21-4D69-9740-6BD1043495A2}.Debug|x64.Build.0 = Debug|Any CPU
		{F1AFF9D4-7E21-4D69-9740-6BD1043495A2}.Debug|x86.ActiveCfg = Debug|Any CPU
		{F1AFF9D4-7E21-4D69-9740-6BD1043495A2}.Debug|x86.Build.0 = Debug|Any CPU
		{F1AFF9D4-7E21-4D69-9740-6BD1043495A2}.Release|Any CPU.ActiveCfg = Release|Any CPU
		{F1AFF9D4-7E21-4D69-9740-6BD1043495A2}.Release|Any CPU.Build.0 = Release|Any CPU
		{F1AFF9D4-7E21-4D69-9740-6BD1043495A2}.Release|x64.ActiveCfg = Release|Any CPU
		{F1AFF9D4-7E21-4D69-9740-6BD1043495A2}.Release|x64.Build.0 = Release|Any CPU
		{F1AFF9D4-7E21-4D69-9740-6BD1043495A2}.Release|x86.ActiveCfg = Release|Any CPU
		{F1AFF9D4-7E21-4D69-9740-6BD1043495A2}.Release|x86.Build.0 = Release|Any CPU
		{0B81449B-FBDE-49D4-83FB-30B629481926}.Debug|Any CPU.ActiveCfg = Debug|Any CPU
		{0B81449B-FBDE-49D4-83FB-30B629481926}.Debug|Any CPU.Build.0 = Debug|Any CPU
		{0B81449B-FBDE-49D4-83FB-30B629481926}.Debug|x64.ActiveCfg = Debug|Any CPU
		{0B81449B-FBDE-49D4-83FB-30B629481926}.Debug|x64.Build.0 = Debug|Any CPU
		{0B81449B-FBDE-49D4-83FB-30B629481926}.Debug|x86.ActiveCfg = Debug|Any CPU
		{0B81449B-FBDE-49D4-83FB-30B629481926}.Debug|x86.Build.0 = Debug|Any CPU
		{0B81449B-FBDE-49D4-83FB-30B629481926}.Release|Any CPU.ActiveCfg = Release|Any CPU
		{0B81449B-FBDE-49D4-83FB-30B629481926}.Release|Any CPU.Build.0 = Release|Any CPU
		{0B81449B-FBDE-49D4-83FB-30B629481926}.Release|x64.ActiveCfg = Release|Any CPU
		{0B81449B-FBDE-49D4-83FB-30B629481926}.Release|x64.Build.0 = Release|Any CPU
		{0B81449B-FBDE-49D4-83FB-30B629481926}.Release|x86.ActiveCfg = Release|Any CPU
		{0B81449B-FBDE-49D4-83FB-30B629481926}.Release|x86.Build.0 = Release|Any CPU
		{564B05B6-4D57-4926-AB5E-B0EFD562C498}.Debug|Any CPU.ActiveCfg = Debug|Any CPU
		{564B05B6-4D57-4926-AB5E-B0EFD562C498}.Debug|Any CPU.Build.0 = Debug|Any CPU
		{564B05B6-4D57-4926-AB5E-B0EFD562C498}.Debug|x64.ActiveCfg = Debug|Any CPU
		{564B05B6-4D57-4926-AB5E-B0EFD562C498}.Debug|x64.Build.0 = Debug|Any CPU
		{564B05B6-4D57-4926-AB5E-B0EFD562C498}.Debug|x86.ActiveCfg = Debug|Any CPU
		{564B05B6-4D57-4926-AB5E-B0EFD562C498}.Debug|x86.Build.0 = Debug|Any CPU
		{564B05B6-4D57-4926-AB5E-B0EFD562C498}.Release|Any CPU.ActiveCfg = Release|Any CPU
		{564B05B6-4D57-4926-AB5E-B0EFD562C498}.Release|Any CPU.Build.0 = Release|Any CPU
		{564B05B6-4D57-4926-AB5E-B0EFD562C498}.Release|x64.ActiveCfg = Release|Any CPU
		{564B05B6-4D57-4926-AB5E-B0EFD562C498}.Release|x64.Build.0 = Release|Any CPU
		{564B05B6-4D57-4926-AB5E-B0EFD562C498}.Release|x86.ActiveCfg = Release|Any CPU
		{564B05B6-4D57-4926-AB5E-B0EFD562C498}.Release|x86.Build.0 = Release|Any CPU
		{C328033E-A9AC-40AA-939F-A03A2F7992FE}.Debug|Any CPU.ActiveCfg = Debug|Any CPU
		{C328033E-A9AC-40AA-939F-A03A2F7992FE}.Debug|Any CPU.Build.0 = Debug|Any CPU
		{C328033E-A9AC-40AA-939F-A03A2F7992FE}.Debug|x64.ActiveCfg = Debug|Any CPU
		{C328033E-A9AC-40AA-939F-A03A2F7992FE}.Debug|x64.Build.0 = Debug|Any CPU
		{C328033E-A9AC-40AA-939F-A03A2F7992FE}.Debug|x86.ActiveCfg = Debug|Any CPU
		{C328033E-A9AC-40AA-939F-A03A2F7992FE}.Debug|x86.Build.0 = Debug|Any CPU
		{C328033E-A9AC-40AA-939F-A03A2F7992FE}.Release|Any CPU.ActiveCfg = Release|Any CPU
		{C328033E-A9AC-40AA-939F-A03A2F7992FE}.Release|Any CPU.Build.0 = Release|Any CPU
		{C328033E-A9AC-40AA-939F-A03A2F7992FE}.Release|x64.ActiveCfg = Release|Any CPU
		{C328033E-A9AC-40AA-939F-A03A2F7992FE}.Release|x64.Build.0 = Release|Any CPU
		{C328033E-A9AC-40AA-939F-A03A2F7992FE}.Release|x86.ActiveCfg = Release|Any CPU
		{C328033E-A9AC-40AA-939F-A03A2F7992FE}.Release|x86.Build.0 = Release|Any CPU
		{DB882E14-3EB6-4761-9AFD-DE3480D070B5}.Debug|Any CPU.ActiveCfg = Debug|Any CPU
		{DB882E14-3EB6-4761-9AFD-DE3480D070B5}.Debug|Any CPU.Build.0 = Debug|Any CPU
		{DB882E14-3EB6-4761-9AFD-DE3480D070B5}.Debug|x64.ActiveCfg = Debug|Any CPU
		{DB882E14-3EB6-4761-9AFD-DE3480D070B5}.Debug|x64.Build.0 = Debug|Any CPU
		{DB882E14-3EB6-4761-9AFD-DE3480D070B5}.Debug|x86.ActiveCfg = Debug|Any CPU
		{DB882E14-3EB6-4761-9AFD-DE3480D070B5}.Debug|x86.Build.0 = Debug|Any CPU
		{DB882E14-3EB6-4761-9AFD-DE3480D070B5}.Release|Any CPU.ActiveCfg = Release|Any CPU
		{DB882E14-3EB6-4761-9AFD-DE3480D070B5}.Release|Any CPU.Build.0 = Release|Any CPU
		{DB882E14-3EB6-4761-9AFD-DE3480D070B5}.Release|x64.ActiveCfg = Release|Any CPU
		{DB882E14-3EB6-4761-9AFD-DE3480D070B5}.Release|x64.Build.0 = Release|Any CPU
		{DB882E14-3EB6-4761-9AFD-DE3480D070B5}.Release|x86.ActiveCfg = Release|Any CPU
		{DB882E14-3EB6-4761-9AFD-DE3480D070B5}.Release|x86.Build.0 = Release|Any CPU
		{DA1C085A-F07F-48C8-8834-D336819122F4}.Debug|Any CPU.ActiveCfg = Debug|Any CPU
		{DA1C085A-F07F-48C8-8834-D336819122F4}.Debug|Any CPU.Build.0 = Debug|Any CPU
		{DA1C085A-F07F-48C8-8834-D336819122F4}.Debug|x64.ActiveCfg = Debug|Any CPU
		{DA1C085A-F07F-48C8-8834-D336819122F4}.Debug|x64.Build.0 = Debug|Any CPU
		{DA1C085A-F07F-48C8-8834-D336819122F4}.Debug|x86.ActiveCfg = Debug|Any CPU
		{DA1C085A-F07F-48C8-8834-D336819122F4}.Debug|x86.Build.0 = Debug|Any CPU
		{DA1C085A-F07F-48C8-8834-D336819122F4}.Release|Any CPU.ActiveCfg = Release|Any CPU
		{DA1C085A-F07F-48C8-8834-D336819122F4}.Release|Any CPU.Build.0 = Release|Any CPU
		{DA1C085A-F07F-48C8-8834-D336819122F4}.Release|x64.ActiveCfg = Release|Any CPU
		{DA1C085A-F07F-48C8-8834-D336819122F4}.Release|x64.Build.0 = Release|Any CPU
		{DA1C085A-F07F-48C8-8834-D336819122F4}.Release|x86.ActiveCfg = Release|Any CPU
		{DA1C085A-F07F-48C8-8834-D336819122F4}.Release|x86.Build.0 = Release|Any CPU
		{C8DD390A-8CA3-4199-B31F-ECA12035D434}.Debug|Any CPU.ActiveCfg = Debug|Any CPU
		{C8DD390A-8CA3-4199-B31F-ECA12035D434}.Debug|Any CPU.Build.0 = Debug|Any CPU
		{C8DD390A-8CA3-4199-B31F-ECA12035D434}.Debug|x64.ActiveCfg = Debug|Any CPU
		{C8DD390A-8CA3-4199-B31F-ECA12035D434}.Debug|x64.Build.0 = Debug|Any CPU
		{C8DD390A-8CA3-4199-B31F-ECA12035D434}.Debug|x86.ActiveCfg = Debug|Any CPU
		{C8DD390A-8CA3-4199-B31F-ECA12035D434}.Debug|x86.Build.0 = Debug|Any CPU
		{C8DD390A-8CA3-4199-B31F-ECA12035D434}.Release|Any CPU.ActiveCfg = Release|Any CPU
		{C8DD390A-8CA3-4199-B31F-ECA12035D434}.Release|Any CPU.Build.0 = Release|Any CPU
		{C8DD390A-8CA3-4199-B31F-ECA12035D434}.Release|x64.ActiveCfg = Release|Any CPU
		{C8DD390A-8CA3-4199-B31F-ECA12035D434}.Release|x64.Build.0 = Release|Any CPU
		{C8DD390A-8CA3-4199-B31F-ECA12035D434}.Release|x86.ActiveCfg = Release|Any CPU
		{C8DD390A-8CA3-4199-B31F-ECA12035D434}.Release|x86.Build.0 = Release|Any CPU
		{85A92302-AA9C-4B5D-9CA1-BAB7FBC62F0A}.Debug|Any CPU.ActiveCfg = Debug|Any CPU
		{85A92302-AA9C-4B5D-9CA1-BAB7FBC62F0A}.Debug|Any CPU.Build.0 = Debug|Any CPU
		{85A92302-AA9C-4B5D-9CA1-BAB7FBC62F0A}.Debug|x64.ActiveCfg = Debug|Any CPU
		{85A92302-AA9C-4B5D-9CA1-BAB7FBC62F0A}.Debug|x64.Build.0 = Debug|Any CPU
		{85A92302-AA9C-4B5D-9CA1-BAB7FBC62F0A}.Debug|x86.ActiveCfg = Debug|Any CPU
		{85A92302-AA9C-4B5D-9CA1-BAB7FBC62F0A}.Debug|x86.Build.0 = Debug|Any CPU
		{85A92302-AA9C-4B5D-9CA1-BAB7FBC62F0A}.Release|Any CPU.ActiveCfg = Release|Any CPU
		{85A92302-AA9C-4B5D-9CA1-BAB7FBC62F0A}.Release|Any CPU.Build.0 = Release|Any CPU
		{85A92302-AA9C-4B5D-9CA1-BAB7FBC62F0A}.Release|x64.ActiveCfg = Release|Any CPU
		{85A92302-AA9C-4B5D-9CA1-BAB7FBC62F0A}.Release|x64.Build.0 = Release|Any CPU
		{85A92302-AA9C-4B5D-9CA1-BAB7FBC62F0A}.Release|x86.ActiveCfg = Release|Any CPU
		{85A92302-AA9C-4B5D-9CA1-BAB7FBC62F0A}.Release|x86.Build.0 = Release|Any CPU
		{CA5FFEB9-2E30-4339-9A83-40404F9EC793}.Benchmark|Any CPU.ActiveCfg = Benchmark|Any CPU
		{CA5FFEB9-2E30-4339-9A83-40404F9EC793}.Benchmark|Any CPU.Build.0 = Benchmark|Any CPU
		{CA5FFEB9-2E30-4339-9A83-40404F9EC793}.Benchmark|x64.ActiveCfg = Benchmark|Any CPU
		{CA5FFEB9-2E30-4339-9A83-40404F9EC793}.Benchmark|x64.Build.0 = Benchmark|Any CPU
		{CA5FFEB9-2E30-4339-9A83-40404F9EC793}.Benchmark|x86.ActiveCfg = Benchmark|Any CPU
		{CA5FFEB9-2E30-4339-9A83-40404F9EC793}.Benchmark|x86.Build.0 = Benchmark|Any CPU
		{CA5FFEB9-2E30-4339-9A83-40404F9EC793}.LocalFeed|Any CPU.ActiveCfg = LocalFeed|Any CPU
		{CA5FFEB9-2E30-4339-9A83-40404F9EC793}.LocalFeed|Any CPU.Build.0 = LocalFeed|Any CPU
		{CA5FFEB9-2E30-4339-9A83-40404F9EC793}.LocalFeed|x64.ActiveCfg = LocalFeed|Any CPU
		{CA5FFEB9-2E30-4339-9A83-40404F9EC793}.LocalFeed|x64.Build.0 = LocalFeed|Any CPU
		{CA5FFEB9-2E30-4339-9A83-40404F9EC793}.LocalFeed|x86.ActiveCfg = LocalFeed|Any CPU
		{CA5FFEB9-2E30-4339-9A83-40404F9EC793}.LocalFeed|x86.Build.0 = LocalFeed|Any CPU
		{32EC7762-49C6-4C03-900C-BC46C2680C28}.Benchmark|Any CPU.ActiveCfg = Benchmark|Any CPU
		{32EC7762-49C6-4C03-900C-BC46C2680C28}.Benchmark|Any CPU.Build.0 = Benchmark|Any CPU
		{32EC7762-49C6-4C03-900C-BC46C2680C28}.Benchmark|x64.ActiveCfg = Benchmark|Any CPU
		{32EC7762-49C6-4C03-900C-BC46C2680C28}.Benchmark|x64.Build.0 = Benchmark|Any CPU
		{32EC7762-49C6-4C03-900C-BC46C2680C28}.Benchmark|x86.ActiveCfg = Benchmark|Any CPU
		{32EC7762-49C6-4C03-900C-BC46C2680C28}.Benchmark|x86.Build.0 = Benchmark|Any CPU
		{32EC7762-49C6-4C03-900C-BC46C2680C28}.LocalFeed|Any CPU.ActiveCfg = LocalFeed|Any CPU
		{32EC7762-49C6-4C03-900C-BC46C2680C28}.LocalFeed|Any CPU.Build.0 = LocalFeed|Any CPU
		{32EC7762-49C6-4C03-900C-BC46C2680C28}.LocalFeed|x64.ActiveCfg = LocalFeed|Any CPU
		{32EC7762-49C6-4C03-900C-BC46C2680C28}.LocalFeed|x64.Build.0 = LocalFeed|Any CPU
		{32EC7762-49C6-4C03-900C-BC46C2680C28}.LocalFeed|x86.ActiveCfg = LocalFeed|Any CPU
		{32EC7762-49C6-4C03-900C-BC46C2680C28}.LocalFeed|x86.Build.0 = LocalFeed|Any CPU
		{73EED97C-34DF-4215-8109-AD6DB3527A46}.Benchmark|Any CPU.ActiveCfg = Benchmark|Any CPU
		{73EED97C-34DF-4215-8109-AD6DB3527A46}.Benchmark|Any CPU.Build.0 = Benchmark|Any CPU
		{73EED97C-34DF-4215-8109-AD6DB3527A46}.Benchmark|x64.ActiveCfg = Benchmark|Any CPU
		{73EED97C-34DF-4215-8109-AD6DB3527A46}.Benchmark|x64.Build.0 = Benchmark|Any CPU
		{73EED97C-34DF-4215-8109-AD6DB3527A46}.Benchmark|x86.ActiveCfg = Benchmark|Any CPU
		{73EED97C-34DF-4215-8109-AD6DB3527A46}.Benchmark|x86.Build.0 = Benchmark|Any CPU
		{73EED97C-34DF-4215-8109-AD6DB3527A46}.LocalFeed|Any CPU.ActiveCfg = LocalFeed|Any CPU
		{73EED97C-34DF-4215-8109-AD6DB3527A46}.LocalFeed|Any CPU.Build.0 = LocalFeed|Any CPU
		{73EED97C-34DF-4215-8109-AD6DB3527A46}.LocalFeed|x64.ActiveCfg = LocalFeed|Any CPU
		{73EED97C-34DF-4215-8109-AD6DB3527A46}.LocalFeed|x64.Build.0 = LocalFeed|Any CPU
		{73EED97C-34DF-4215-8109-AD6DB3527A46}.LocalFeed|x86.ActiveCfg = LocalFeed|Any CPU
		{73EED97C-34DF-4215-8109-AD6DB3527A46}.LocalFeed|x86.Build.0 = LocalFeed|Any CPU
		{C8CE0198-500A-400D-9C29-CDD6013440F8}.Benchmark|Any CPU.ActiveCfg = Benchmark|Any CPU
		{C8CE0198-500A-400D-9C29-CDD6013440F8}.Benchmark|Any CPU.Build.0 = Benchmark|Any CPU
		{C8CE0198-500A-400D-9C29-CDD6013440F8}.Benchmark|x64.ActiveCfg = Benchmark|Any CPU
		{C8CE0198-500A-400D-9C29-CDD6013440F8}.Benchmark|x64.Build.0 = Benchmark|Any CPU
		{C8CE0198-500A-400D-9C29-CDD6013440F8}.Benchmark|x86.ActiveCfg = Benchmark|Any CPU
		{C8CE0198-500A-400D-9C29-CDD6013440F8}.Benchmark|x86.Build.0 = Benchmark|Any CPU
		{C8CE0198-500A-400D-9C29-CDD6013440F8}.LocalFeed|Any CPU.ActiveCfg = LocalFeed|Any CPU
		{C8CE0198-500A-400D-9C29-CDD6013440F8}.LocalFeed|Any CPU.Build.0 = LocalFeed|Any CPU
		{C8CE0198-500A-400D-9C29-CDD6013440F8}.LocalFeed|x64.ActiveCfg = LocalFeed|Any CPU
		{C8CE0198-500A-400D-9C29-CDD6013440F8}.LocalFeed|x64.Build.0 = LocalFeed|Any CPU
		{C8CE0198-500A-400D-9C29-CDD6013440F8}.LocalFeed|x86.ActiveCfg = LocalFeed|Any CPU
		{C8CE0198-500A-400D-9C29-CDD6013440F8}.LocalFeed|x86.Build.0 = LocalFeed|Any CPU
		{D810BB88-679C-42EB-986D-8A74CE973EA5}.Benchmark|Any CPU.ActiveCfg = Benchmark|Any CPU
		{D810BB88-679C-42EB-986D-8A74CE973EA5}.Benchmark|Any CPU.Build.0 = Benchmark|Any CPU
		{D810BB88-679C-42EB-986D-8A74CE973EA5}.Benchmark|x64.ActiveCfg = Benchmark|Any CPU
		{D810BB88-679C-42EB-986D-8A74CE973EA5}.Benchmark|x64.Build.0 = Benchmark|Any CPU
		{D810BB88-679C-42EB-986D-8A74CE973EA5}.Benchmark|x86.ActiveCfg = Benchmark|Any CPU
		{D810BB88-679C-42EB-986D-8A74CE973EA5}.Benchmark|x86.Build.0 = Benchmark|Any CPU
		{D810BB88-679C-42EB-986D-8A74CE973EA5}.LocalFeed|Any CPU.ActiveCfg = LocalFeed|Any CPU
		{D810BB88-679C-42EB-986D-8A74CE973EA5}.LocalFeed|Any CPU.Build.0 = LocalFeed|Any CPU
		{D810BB88-679C-42EB-986D-8A74CE973EA5}.LocalFeed|x64.ActiveCfg = LocalFeed|Any CPU
		{D810BB88-679C-42EB-986D-8A74CE973EA5}.LocalFeed|x64.Build.0 = LocalFeed|Any CPU
		{D810BB88-679C-42EB-986D-8A74CE973EA5}.LocalFeed|x86.ActiveCfg = LocalFeed|Any CPU
		{D810BB88-679C-42EB-986D-8A74CE973EA5}.LocalFeed|x86.Build.0 = LocalFeed|Any CPU
		{66CAC3C2-665E-4CCB-93CA-02EEC7ABBB01}.Benchmark|Any CPU.ActiveCfg = Benchmark|Any CPU
		{66CAC3C2-665E-4CCB-93CA-02EEC7ABBB01}.Benchmark|Any CPU.Build.0 = Benchmark|Any CPU
		{66CAC3C2-665E-4CCB-93CA-02EEC7ABBB01}.Benchmark|x64.ActiveCfg = Benchmark|Any CPU
		{66CAC3C2-665E-4CCB-93CA-02EEC7ABBB01}.Benchmark|x64.Build.0 = Benchmark|Any CPU
		{66CAC3C2-665E-4CCB-93CA-02EEC7ABBB01}.Benchmark|x86.ActiveCfg = Benchmark|Any CPU
		{66CAC3C2-665E-4CCB-93CA-02EEC7ABBB01}.Benchmark|x86.Build.0 = Benchmark|Any CPU
		{66CAC3C2-665E-4CCB-93CA-02EEC7ABBB01}.LocalFeed|Any CPU.ActiveCfg = LocalFeed|Any CPU
		{66CAC3C2-665E-4CCB-93CA-02EEC7ABBB01}.LocalFeed|Any CPU.Build.0 = LocalFeed|Any CPU
		{66CAC3C2-665E-4CCB-93CA-02EEC7ABBB01}.LocalFeed|x64.ActiveCfg = LocalFeed|Any CPU
		{66CAC3C2-665E-4CCB-93CA-02EEC7ABBB01}.LocalFeed|x64.Build.0 = LocalFeed|Any CPU
		{66CAC3C2-665E-4CCB-93CA-02EEC7ABBB01}.LocalFeed|x86.ActiveCfg = LocalFeed|Any CPU
		{66CAC3C2-665E-4CCB-93CA-02EEC7ABBB01}.LocalFeed|x86.Build.0 = LocalFeed|Any CPU
		{22E8D983-D155-4F09-B8EE-C8A8BBCD5190}.Benchmark|Any CPU.ActiveCfg = Benchmark|Any CPU
		{22E8D983-D155-4F09-B8EE-C8A8BBCD5190}.Benchmark|Any CPU.Build.0 = Benchmark|Any CPU
		{22E8D983-D155-4F09-B8EE-C8A8BBCD5190}.Benchmark|x64.ActiveCfg = Benchmark|Any CPU
		{22E8D983-D155-4F09-B8EE-C8A8BBCD5190}.Benchmark|x64.Build.0 = Benchmark|Any CPU
		{22E8D983-D155-4F09-B8EE-C8A8BBCD5190}.Benchmark|x86.ActiveCfg = Benchmark|Any CPU
		{22E8D983-D155-4F09-B8EE-C8A8BBCD5190}.Benchmark|x86.Build.0 = Benchmark|Any CPU
		{22E8D983-D155-4F09-B8EE-C8A8BBCD5190}.LocalFeed|Any CPU.ActiveCfg = LocalFeed|Any CPU
		{22E8D983-D155-4F09-B8EE-C8A8BBCD5190}.LocalFeed|Any CPU.Build.0 = LocalFeed|Any CPU
		{22E8D983-D155-4F09-B8EE-C8A8BBCD5190}.LocalFeed|x64.ActiveCfg = LocalFeed|Any CPU
		{22E8D983-D155-4F09-B8EE-C8A8BBCD5190}.LocalFeed|x64.Build.0 = LocalFeed|Any CPU
		{22E8D983-D155-4F09-B8EE-C8A8BBCD5190}.LocalFeed|x86.ActiveCfg = LocalFeed|Any CPU
		{22E8D983-D155-4F09-B8EE-C8A8BBCD5190}.LocalFeed|x86.Build.0 = LocalFeed|Any CPU
		{320A100F-74AF-455D-AB47-7E89525B6652}.Benchmark|Any CPU.ActiveCfg = Benchmark|Any CPU
		{320A100F-74AF-455D-AB47-7E89525B6652}.Benchmark|Any CPU.Build.0 = Benchmark|Any CPU
		{320A100F-74AF-455D-AB47-7E89525B6652}.Benchmark|x64.ActiveCfg = Benchmark|Any CPU
		{320A100F-74AF-455D-AB47-7E89525B6652}.Benchmark|x64.Build.0 = Benchmark|Any CPU
		{320A100F-74AF-455D-AB47-7E89525B6652}.Benchmark|x86.ActiveCfg = Benchmark|Any CPU
		{320A100F-74AF-455D-AB47-7E89525B6652}.Benchmark|x86.Build.0 = Benchmark|Any CPU
		{320A100F-74AF-455D-AB47-7E89525B6652}.LocalFeed|Any CPU.ActiveCfg = LocalFeed|Any CPU
		{320A100F-74AF-455D-AB47-7E89525B6652}.LocalFeed|Any CPU.Build.0 = LocalFeed|Any CPU
		{320A100F-74AF-455D-AB47-7E89525B6652}.LocalFeed|x64.ActiveCfg = LocalFeed|Any CPU
		{320A100F-74AF-455D-AB47-7E89525B6652}.LocalFeed|x64.Build.0 = LocalFeed|Any CPU
		{320A100F-74AF-455D-AB47-7E89525B6652}.LocalFeed|x86.ActiveCfg = LocalFeed|Any CPU
		{320A100F-74AF-455D-AB47-7E89525B6652}.LocalFeed|x86.Build.0 = LocalFeed|Any CPU
		{B91B97E4-4625-4CBD-BD46-AEB9B08A3C08}.Benchmark|Any CPU.ActiveCfg = Benchmark|Any CPU
		{B91B97E4-4625-4CBD-BD46-AEB9B08A3C08}.Benchmark|Any CPU.Build.0 = Benchmark|Any CPU
		{B91B97E4-4625-4CBD-BD46-AEB9B08A3C08}.Benchmark|x64.ActiveCfg = Benchmark|Any CPU
		{B91B97E4-4625-4CBD-BD46-AEB9B08A3C08}.Benchmark|x64.Build.0 = Benchmark|Any CPU
		{B91B97E4-4625-4CBD-BD46-AEB9B08A3C08}.Benchmark|x86.ActiveCfg = Benchmark|Any CPU
		{B91B97E4-4625-4CBD-BD46-AEB9B08A3C08}.Benchmark|x86.Build.0 = Benchmark|Any CPU
		{B91B97E4-4625-4CBD-BD46-AEB9B08A3C08}.LocalFeed|Any CPU.ActiveCfg = LocalFeed|Any CPU
		{B91B97E4-4625-4CBD-BD46-AEB9B08A3C08}.LocalFeed|Any CPU.Build.0 = LocalFeed|Any CPU
		{B91B97E4-4625-4CBD-BD46-AEB9B08A3C08}.LocalFeed|x64.ActiveCfg = LocalFeed|Any CPU
		{B91B97E4-4625-4CBD-BD46-AEB9B08A3C08}.LocalFeed|x64.Build.0 = LocalFeed|Any CPU
		{B91B97E4-4625-4CBD-BD46-AEB9B08A3C08}.LocalFeed|x86.ActiveCfg = LocalFeed|Any CPU
		{B91B97E4-4625-4CBD-BD46-AEB9B08A3C08}.LocalFeed|x86.Build.0 = LocalFeed|Any CPU
		{F1AFF9D4-7E21-4D69-9740-6BD1043495A2}.Benchmark|Any CPU.ActiveCfg = Benchmark|Any CPU
		{F1AFF9D4-7E21-4D69-9740-6BD1043495A2}.Benchmark|Any CPU.Build.0 = Benchmark|Any CPU
		{F1AFF9D4-7E21-4D69-9740-6BD1043495A2}.Benchmark|x64.ActiveCfg = Benchmark|Any CPU
		{F1AFF9D4-7E21-4D69-9740-6BD1043495A2}.Benchmark|x64.Build.0 = Benchmark|Any CPU
		{F1AFF9D4-7E21-4D69-9740-6BD1043495A2}.Benchmark|x86.ActiveCfg = Benchmark|Any CPU
		{F1AFF9D4-7E21-4D69-9740-6BD1043495A2}.Benchmark|x86.Build.0 = Benchmark|Any CPU
		{F1AFF9D4-7E21-4D69-9740-6BD1043495A2}.LocalFeed|Any CPU.ActiveCfg = LocalFeed|Any CPU
		{F1AFF9D4-7E21-4D69-9740-6BD1043495A2}.LocalFeed|Any CPU.Build.0 = LocalFeed|Any CPU
		{F1AFF9D4-7E21-4D69-9740-6BD1043495A2}.LocalFeed|x64.ActiveCfg = LocalFeed|Any CPU
		{F1AFF9D4-7E21-4D69-9740-6BD1043495A2}.LocalFeed|x64.Build.0 = LocalFeed|Any CPU
		{F1AFF9D4-7E21-4D69-9740-6BD1043495A2}.LocalFeed|x86.ActiveCfg = LocalFeed|Any CPU
		{F1AFF9D4-7E21-4D69-9740-6BD1043495A2}.LocalFeed|x86.Build.0 = LocalFeed|Any CPU
		{0B81449B-FBDE-49D4-83FB-30B629481926}.Benchmark|Any CPU.ActiveCfg = Benchmark|Any CPU
		{0B81449B-FBDE-49D4-83FB-30B629481926}.Benchmark|Any CPU.Build.0 = Benchmark|Any CPU
		{0B81449B-FBDE-49D4-83FB-30B629481926}.Benchmark|x64.ActiveCfg = Benchmark|Any CPU
		{0B81449B-FBDE-49D4-83FB-30B629481926}.Benchmark|x64.Build.0 = Benchmark|Any CPU
		{0B81449B-FBDE-49D4-83FB-30B629481926}.Benchmark|x86.ActiveCfg = Benchmark|Any CPU
		{0B81449B-FBDE-49D4-83FB-30B629481926}.Benchmark|x86.Build.0 = Benchmark|Any CPU
		{0B81449B-FBDE-49D4-83FB-30B629481926}.LocalFeed|Any CPU.ActiveCfg = LocalFeed|Any CPU
		{0B81449B-FBDE-49D4-83FB-30B629481926}.LocalFeed|Any CPU.Build.0 = LocalFeed|Any CPU
		{0B81449B-FBDE-49D4-83FB-30B629481926}.LocalFeed|x64.ActiveCfg = LocalFeed|Any CPU
		{0B81449B-FBDE-49D4-83FB-30B629481926}.LocalFeed|x64.Build.0 = LocalFeed|Any CPU
		{0B81449B-FBDE-49D4-83FB-30B629481926}.LocalFeed|x86.ActiveCfg = LocalFeed|Any CPU
		{0B81449B-FBDE-49D4-83FB-30B629481926}.LocalFeed|x86.Build.0 = LocalFeed|Any CPU
		{564B05B6-4D57-4926-AB5E-B0EFD562C498}.Benchmark|Any CPU.ActiveCfg = Benchmark|Any CPU
		{564B05B6-4D57-4926-AB5E-B0EFD562C498}.Benchmark|Any CPU.Build.0 = Benchmark|Any CPU
		{564B05B6-4D57-4926-AB5E-B0EFD562C498}.Benchmark|x64.ActiveCfg = Benchmark|Any CPU
		{564B05B6-4D57-4926-AB5E-B0EFD562C498}.Benchmark|x64.Build.0 = Benchmark|Any CPU
		{564B05B6-4D57-4926-AB5E-B0EFD562C498}.Benchmark|x86.ActiveCfg = Benchmark|Any CPU
		{564B05B6-4D57-4926-AB5E-B0EFD562C498}.Benchmark|x86.Build.0 = Benchmark|Any CPU
		{564B05B6-4D57-4926-AB5E-B0EFD562C498}.LocalFeed|Any CPU.ActiveCfg = LocalFeed|Any CPU
		{564B05B6-4D57-4926-AB5E-B0EFD562C498}.LocalFeed|Any CPU.Build.0 = LocalFeed|Any CPU
		{564B05B6-4D57-4926-AB5E-B0EFD562C498}.LocalFeed|x64.ActiveCfg = LocalFeed|Any CPU
		{564B05B6-4D57-4926-AB5E-B0EFD562C498}.LocalFeed|x64.Build.0 = LocalFeed|Any CPU
		{564B05B6-4D57-4926-AB5E-B0EFD562C498}.LocalFeed|x86.ActiveCfg = LocalFeed|Any CPU
		{564B05B6-4D57-4926-AB5E-B0EFD562C498}.LocalFeed|x86.Build.0 = LocalFeed|Any CPU
		{C328033E-A9AC-40AA-939F-A03A2F7992FE}.Benchmark|Any CPU.ActiveCfg = Benchmark|Any CPU
		{C328033E-A9AC-40AA-939F-A03A2F7992FE}.Benchmark|Any CPU.Build.0 = Benchmark|Any CPU
		{C328033E-A9AC-40AA-939F-A03A2F7992FE}.Benchmark|x64.ActiveCfg = Benchmark|Any CPU
		{C328033E-A9AC-40AA-939F-A03A2F7992FE}.Benchmark|x64.Build.0 = Benchmark|Any CPU
		{C328033E-A9AC-40AA-939F-A03A2F7992FE}.Benchmark|x86.ActiveCfg = Benchmark|Any CPU
		{C328033E-A9AC-40AA-939F-A03A2F7992FE}.Benchmark|x86.Build.0 = Benchmark|Any CPU
		{C328033E-A9AC-40AA-939F-A03A2F7992FE}.LocalFeed|Any CPU.ActiveCfg = LocalFeed|Any CPU
		{C328033E-A9AC-40AA-939F-A03A2F7992FE}.LocalFeed|Any CPU.Build.0 = LocalFeed|Any CPU
		{C328033E-A9AC-40AA-939F-A03A2F7992FE}.LocalFeed|x64.ActiveCfg = LocalFeed|Any CPU
		{C328033E-A9AC-40AA-939F-A03A2F7992FE}.LocalFeed|x64.Build.0 = LocalFeed|Any CPU
		{C328033E-A9AC-40AA-939F-A03A2F7992FE}.LocalFeed|x86.ActiveCfg = LocalFeed|Any CPU
		{C328033E-A9AC-40AA-939F-A03A2F7992FE}.LocalFeed|x86.Build.0 = LocalFeed|Any CPU
		{DB882E14-3EB6-4761-9AFD-DE3480D070B5}.Benchmark|Any CPU.ActiveCfg = Benchmark|Any CPU
		{DB882E14-3EB6-4761-9AFD-DE3480D070B5}.Benchmark|Any CPU.Build.0 = Benchmark|Any CPU
		{DB882E14-3EB6-4761-9AFD-DE3480D070B5}.Benchmark|x64.ActiveCfg = Benchmark|Any CPU
		{DB882E14-3EB6-4761-9AFD-DE3480D070B5}.Benchmark|x64.Build.0 = Benchmark|Any CPU
		{DB882E14-3EB6-4761-9AFD-DE3480D070B5}.Benchmark|x86.ActiveCfg = Benchmark|Any CPU
		{DB882E14-3EB6-4761-9AFD-DE3480D070B5}.Benchmark|x86.Build.0 = Benchmark|Any CPU
		{DB882E14-3EB6-4761-9AFD-DE3480D070B5}.LocalFeed|Any CPU.ActiveCfg = LocalFeed|Any CPU
		{DB882E14-3EB6-4761-9AFD-DE3480D070B5}.LocalFeed|Any CPU.Build.0 = LocalFeed|Any CPU
		{DB882E14-3EB6-4761-9AFD-DE3480D070B5}.LocalFeed|x64.ActiveCfg = LocalFeed|Any CPU
		{DB882E14-3EB6-4761-9AFD-DE3480D070B5}.LocalFeed|x64.Build.0 = LocalFeed|Any CPU
		{DB882E14-3EB6-4761-9AFD-DE3480D070B5}.LocalFeed|x86.ActiveCfg = LocalFeed|Any CPU
		{DB882E14-3EB6-4761-9AFD-DE3480D070B5}.LocalFeed|x86.Build.0 = LocalFeed|Any CPU
		{DA1C085A-F07F-48C8-8834-D336819122F4}.Benchmark|Any CPU.ActiveCfg = Benchmark|Any CPU
		{DA1C085A-F07F-48C8-8834-D336819122F4}.Benchmark|Any CPU.Build.0 = Benchmark|Any CPU
		{DA1C085A-F07F-48C8-8834-D336819122F4}.Benchmark|x64.ActiveCfg = Benchmark|Any CPU
		{DA1C085A-F07F-48C8-8834-D336819122F4}.Benchmark|x64.Build.0 = Benchmark|Any CPU
		{DA1C085A-F07F-48C8-8834-D336819122F4}.Benchmark|x86.ActiveCfg = Benchmark|Any CPU
		{DA1C085A-F07F-48C8-8834-D336819122F4}.Benchmark|x86.Build.0 = Benchmark|Any CPU
		{DA1C085A-F07F-48C8-8834-D336819122F4}.LocalFeed|Any CPU.ActiveCfg = LocalFeed|Any CPU
		{DA1C085A-F07F-48C8-8834-D336819122F4}.LocalFeed|Any CPU.Build.0 = LocalFeed|Any CPU
		{DA1C085A-F07F-48C8-8834-D336819122F4}.LocalFeed|x64.ActiveCfg = LocalFeed|Any CPU
		{DA1C085A-F07F-48C8-8834-D336819122F4}.LocalFeed|x64.Build.0 = LocalFeed|Any CPU
		{DA1C085A-F07F-48C8-8834-D336819122F4}.LocalFeed|x86.ActiveCfg = LocalFeed|Any CPU
		{DA1C085A-F07F-48C8-8834-D336819122F4}.LocalFeed|x86.Build.0 = LocalFeed|Any CPU
		{C8DD390A-8CA3-4199-B31F-ECA12035D434}.Benchmark|Any CPU.ActiveCfg = Benchmark|Any CPU
		{C8DD390A-8CA3-4199-B31F-ECA12035D434}.Benchmark|Any CPU.Build.0 = Benchmark|Any CPU
		{C8DD390A-8CA3-4199-B31F-ECA12035D434}.Benchmark|x64.ActiveCfg = Benchmark|Any CPU
		{C8DD390A-8CA3-4199-B31F-ECA12035D434}.Benchmark|x64.Build.0 = Benchmark|Any CPU
		{C8DD390A-8CA3-4199-B31F-ECA12035D434}.Benchmark|x86.ActiveCfg = Benchmark|Any CPU
		{C8DD390A-8CA3-4199-B31F-ECA12035D434}.Benchmark|x86.Build.0 = Benchmark|Any CPU
		{C8DD390A-8CA3-4199-B31F-ECA12035D434}.LocalFeed|Any CPU.ActiveCfg = LocalFeed|Any CPU
		{C8DD390A-8CA3-4199-B31F-ECA12035D434}.LocalFeed|Any CPU.Build.0 = LocalFeed|Any CPU
		{C8DD390A-8CA3-4199-B31F-ECA12035D434}.LocalFeed|x64.ActiveCfg = LocalFeed|Any CPU
		{C8DD390A-8CA3-4199-B31F-ECA12035D434}.LocalFeed|x64.Build.0 = LocalFeed|Any CPU
		{C8DD390A-8CA3-4199-B31F-ECA12035D434}.LocalFeed|x86.ActiveCfg = LocalFeed|Any CPU
		{C8DD390A-8CA3-4199-B31F-ECA12035D434}.LocalFeed|x86.Build.0 = LocalFeed|Any CPU
		{85A92302-AA9C-4B5D-9CA1-BAB7FBC62F0A}.Benchmark|Any CPU.ActiveCfg = Benchmark|Any CPU
		{85A92302-AA9C-4B5D-9CA1-BAB7FBC62F0A}.Benchmark|Any CPU.Build.0 = Benchmark|Any CPU
		{85A92302-AA9C-4B5D-9CA1-BAB7FBC62F0A}.Benchmark|x64.ActiveCfg = Benchmark|Any CPU
		{85A92302-AA9C-4B5D-9CA1-BAB7FBC62F0A}.Benchmark|x64.Build.0 = Benchmark|Any CPU
		{85A92302-AA9C-4B5D-9CA1-BAB7FBC62F0A}.Benchmark|x86.ActiveCfg = Benchmark|Any CPU
		{85A92302-AA9C-4B5D-9CA1-BAB7FBC62F0A}.Benchmark|x86.Build.0 = Benchmark|Any CPU
		{85A92302-AA9C-4B5D-9CA1-BAB7FBC62F0A}.LocalFeed|Any CPU.ActiveCfg = LocalFeed|Any CPU
		{85A92302-AA9C-4B5D-9CA1-BAB7FBC62F0A}.LocalFeed|Any CPU.Build.0 = LocalFeed|Any CPU
		{85A92302-AA9C-4B5D-9CA1-BAB7FBC62F0A}.LocalFeed|x64.ActiveCfg = LocalFeed|Any CPU
		{85A92302-AA9C-4B5D-9CA1-BAB7FBC62F0A}.LocalFeed|x64.Build.0 = LocalFeed|Any CPU
		{85A92302-AA9C-4B5D-9CA1-BAB7FBC62F0A}.LocalFeed|x86.ActiveCfg = LocalFeed|Any CPU
		{85A92302-AA9C-4B5D-9CA1-BAB7FBC62F0A}.LocalFeed|x86.Build.0 = LocalFeed|Any CPU
	EndGlobalSection
	GlobalSection(SolutionProperties) = preSolution
		HideSolutionNode = FALSE
	EndGlobalSection
	GlobalSection(NestedProjects) = preSolution
		{CA5FFEB9-2E30-4339-9A83-40404F9EC793} = {827E0CD3-B72D-47B6-A68D-7590B98EB39B}
		{32EC7762-49C6-4C03-900C-BC46C2680C28} = {827E0CD3-B72D-47B6-A68D-7590B98EB39B}
		{73EED97C-34DF-4215-8109-AD6DB3527A46} = {827E0CD3-B72D-47B6-A68D-7590B98EB39B}
		{C8CE0198-500A-400D-9C29-CDD6013440F8} = {827E0CD3-B72D-47B6-A68D-7590B98EB39B}
		{D810BB88-679C-42EB-986D-8A74CE973EA5} = {827E0CD3-B72D-47B6-A68D-7590B98EB39B}
		{66CAC3C2-665E-4CCB-93CA-02EEC7ABBB01} = {0AB3BF05-4346-4AA6-1389-037BE0695223}
		{22E8D983-D155-4F09-B8EE-C8A8BBCD5190} = {0AB3BF05-4346-4AA6-1389-037BE0695223}
		{320A100F-74AF-455D-AB47-7E89525B6652} = {0AB3BF05-4346-4AA6-1389-037BE0695223}
		{B91B97E4-4625-4CBD-BD46-AEB9B08A3C08} = {0AB3BF05-4346-4AA6-1389-037BE0695223}
		{F1AFF9D4-7E21-4D69-9740-6BD1043495A2} = {B36A84DF-456D-A817-6EDD-3EC3E7F6E11F}
		{0B81449B-FBDE-49D4-83FB-30B629481926} = {B36A84DF-456D-A817-6EDD-3EC3E7F6E11F}
		{564B05B6-4D57-4926-AB5E-B0EFD562C498} = {B36A84DF-456D-A817-6EDD-3EC3E7F6E11F}
		{C328033E-A9AC-40AA-939F-A03A2F7992FE} = {B36A84DF-456D-A817-6EDD-3EC3E7F6E11F}
		{DB882E14-3EB6-4761-9AFD-DE3480D070B5} = {B36A84DF-456D-A817-6EDD-3EC3E7F6E11F}
		{DA1C085A-F07F-48C8-8834-D336819122F4} = {B36A84DF-456D-A817-6EDD-3EC3E7F6E11F}
		{C8DD390A-8CA3-4199-B31F-ECA12035D434} = {B36A84DF-456D-A817-6EDD-3EC3E7F6E11F}
		{85A92302-AA9C-4B5D-9CA1-BAB7FBC62F0A} = {B36A84DF-456D-A817-6EDD-3EC3E7F6E11F}
	EndGlobalSection
EndGlobal
